# This file is automatically @generated by Cargo.
# It is not intended for manual editing.
version = 3

[[package]]
name = "closure"
version = "0.1.0"

[[package]]
name = "deref"
version = "0.1.0"

[[package]]
name = "gui"
version = "0.1.0"

[[package]]
name = "minigrep"
version = "0.1.0"

[[package]]
name = "refcell"
version = "0.1.0"

[[package]]
name = "state_pattern"
version = "0.1.0"

[[package]]
name = "temp"
version = "0.1.0"
